
Microsoft Visual Studio Solution File, Format Version 12.00
# Visual Studio 15
VisualStudioVersion = 15.0.27130.2010
MinimumVisualStudioVersion = 10.0.40219.1
Project("{8BC9CEB8-8B4A-11D0-8D11-00A0C91BC942}") = "battleship", "battleship\battleship.vcxproj", "{0D3CDDFC-8CB4-440E-B039-D47768E97F71}"
EndProject
Global
	GlobalSection(SolutionConfigurationPlatforms) = preSolution
		Debug|x64 = Debug|x64
		Debug|x86 = Debug|x86
		Release|x64 = Release|x64
		Release|x86 = Release|x86
	EndGlobalSection
	GlobalSection(ProjectConfigurationPlatforms) = postSolution
		{0D3CDDFC-8CB4-440E-B039-D47768E97F71}.Debug|x64.ActiveCfg = Debug|x64
		{0D3CDDFC-8CB4-440E-B039-D47768E97F71}.Debug|x64.Build.0 = Debug|x64
		{0D3CDDFC-8CB4-440E-B039-D47768E97F71}.Debug|x86.ActiveCfg = Debug|Win32
		{0D3CDDFC-8CB4-440E-B039-D47768E97F71}.Debug|x86.Build.0 = Debug|Win32
		{0D3CDDFC-8CB4-440E-B039-D47768E97F71}.Release|x64.ActiveCfg = Release|x64
		{0D3CDDFC-8CB4-440E-B039-D47768E97F71}.Release|x64.Build.0 = Release|x64
		{0D3CDDFC-8CB4-440E-B039-D47768E97F71}.Release|x86.ActiveCfg = Release|Win32
		{0D3CDDFC-8CB4-440E-B039-D47768E97F71}.Release|x86.Build.0 = Release|Win32
	EndGlobalSection
	GlobalSection(SolutionProperties) = preSolution
		HideSolutionNode = FALSE
	EndGlobalSection
	GlobalSection(ExtensibilityGlobals) = postSolution
		SolutionGuid = {150993C0-AE85-4D04-834B-901E493349A1}
	EndGlobalSection
EndGlobal
